
Microsoft Visual Studio Solution File, Format Version 12.00
# Visual Studio 15
VisualStudioVersion = 15.0.26228.9
MinimumVisualStudioVersion = 10.0.40219.1
Project("{FAE04EC0-301F-11D3-BF4B-00C04F79EFBC}") = "NuLink.TestCase.ConsumerLib", "NuLink.TestCase.ConsumerLib\NuLink.TestCase.ConsumerLib.csproj", "{291F145D-CACC-4263-9760-C866C55E2777}"
EndProject
Project("{FAE04EC0-301F-11D3-BF4B-00C04F79EFBC}") = "NuLink.TestCase.ConsumerLib.Tests", "NuLink.TestCase.ConsumerLib.Tests\NuLink.TestCase.ConsumerLib.Tests.csproj", "{0D60E2C5-44F1-46D4-9E04-1835D8A1950D}"
EndProject
Global
	GlobalSection(SolutionConfigurationPlatforms) = preSolution
		Debug|Any CPU = Debug|Any CPU
		Release|Any CPU = Release|Any CPU
	EndGlobalSection
	GlobalSection(ProjectConfigurationPlatforms) = postSolution
		{291F145D-CACC-4263-9760-C866C55E2777}.Debug|Any CPU.ActiveCfg = Debug|Any CPU
		{291F145D-CACC-4263-9760-C866C55E2777}.Debug|Any CPU.Build.0 = Debug|Any CPU
		{291F145D-CACC-4263-9760-C866C55E2777}.Release|Any CPU.ActiveCfg = Release|Any CPU
		{291F145D-CACC-4263-9760-C866C55E2777}.Release|Any CPU.Build.0 = Release|Any CPU
		{0D60E2C5-44F1-46D4-9E04-1835D8A1950D}.Debug|Any CPU.ActiveCfg = Debug|Any CPU
		{0D60E2C5-44F1-46D4-9E04-1835D8A1950D}.Debug|Any CPU.Build.0 = Debug|Any CPU
		{0D60E2C5-44F1-46D4-9E04-1835D8A1950D}.Release|Any CPU.ActiveCfg = Release|Any CPU
		{0D60E2C5-44F1-46D4-9E04-1835D8A1950D}.Release|Any CPU.Build.0 = Release|Any CPU
	EndGlobalSection
	GlobalSection(SolutionProperties) = preSolution
		HideSolutionNode = FALSE
	EndGlobalSection
EndGlobal
