
Microsoft Visual Studio Solution File, Format Version 12.00
Project("{FAE04EC0-301F-11D3-BF4B-00C04F79EFBC}") = "NuLink.TestCase.FirstPackage", "NuLink.TestCase.FirstPackage\NuLink.TestCase.FirstPackage.csproj", "{5A2BA2AF-7499-457B-85D0-D8C00008E80E}"
EndProject
Global
	GlobalSection(SolutionConfigurationPlatforms) = preSolution
		Debug|Any CPU = Debug|Any CPU
		Release|Any CPU = Release|Any CPU
	EndGlobalSection
	GlobalSection(ProjectConfigurationPlatforms) = postSolution
		{5A2BA2AF-7499-457B-85D0-D8C00008E80E}.Debug|Any CPU.ActiveCfg = Debug|Any CPU
		{5A2BA2AF-7499-457B-85D0-D8C00008E80E}.Debug|Any CPU.Build.0 = Debug|Any CPU
		{5A2BA2AF-7499-457B-85D0-D8C00008E80E}.Release|Any CPU.ActiveCfg = Release|Any CPU
		{5A2BA2AF-7499-457B-85D0-D8C00008E80E}.Release|Any CPU.Build.0 = Release|Any CPU
	EndGlobalSection
EndGlobal
