
Microsoft Visual Studio Solution File, Format Version 12.00
Project("{FAE04EC0-301F-11D3-BF4B-00C04F79EFBC}") = "NuLink.TestCase.SecondPackage", "NuLink.TestCase.SecondPackage\NuLink.TestCase.SecondPackage.csproj", "{19030F04-8260-42F1-B4B9-AE022EB36E4C}"
EndProject
Global
	GlobalSection(SolutionConfigurationPlatforms) = preSolution
		Debug|Any CPU = Debug|Any CPU
		Release|Any CPU = Release|Any CPU
	EndGlobalSection
	GlobalSection(ProjectConfigurationPlatforms) = postSolution
		{19030F04-8260-42F1-B4B9-AE022EB36E4C}.Debug|Any CPU.ActiveCfg = Debug|Any CPU
		{19030F04-8260-42F1-B4B9-AE022EB36E4C}.Debug|Any CPU.Build.0 = Debug|Any CPU
		{19030F04-8260-42F1-B4B9-AE022EB36E4C}.Release|Any CPU.ActiveCfg = Release|Any CPU
		{19030F04-8260-42F1-B4B9-AE022EB36E4C}.Release|Any CPU.Build.0 = Release|Any CPU
	EndGlobalSection
EndGlobal
